version = 1
revision = 3
requires-python = ">=3.12"

[[package]]
name = "colorama"
version = "0.4.6"
source = { registry = "https://pypi.org/simple" }
sdist = { url = "https://files.pythonhosted.org/packages/d8/53/6f443c9a4a8358a93a6792e2acffb9d9d5cb0a5cfd8802644b7b1c9a02e4/colorama-0.4.6.tar.gz", hash = "sha256:08695f5cb7ed6e0531a20572697297273c47b8cae5a63ffc6d6ed5c201be6e44", size = 27697, upload-time = "2022-10-25T02:36:22.414Z" }
wheels = [
    { url = "https://files.pythonhosted.org/packages/d1/d6/3965ed04c63042e047cb6a3e6ed1a63a35087b6a609aa3a15ed8ac56c221/colorama-0.4.6-py2.py3-none-any.whl", hash = "sha256:4f1d9991f5acc0ca119f9d443620b77f9d6b33703e51011c16baf57afb285fc6", size = 25335, upload-time = "2022-10-25T02:36:20.889Z" },
]

[[package]]
name = "iniconfig"
version = "2.3.0"
source = { registry = "https://pypi.org/simple" }
sdist = { url = "https://files.pythonhosted.org/packages/72/34/14ca021ce8e5dfedc35312d08ba8bf51fdd999c576889fc2c24cb97f4f10/iniconfig-2.3.0.tar.gz", hash = "sha256:c76315c77db068650d49c5b56314774a7804df16fee4402c1f19d6d15d8c4730", size = 20503, upload-time = "2025-10-18T21:55:43.219Z" }
wheels = [
    { url = "https://files.pythonhosted.org/packages/cb/b1/3846dd7f199d53cb17f49cba7e651e9ce294d8497c8c150530ed11865bb8/iniconfig-2.3.0-py3-none-any.whl", hash = "sha256:f631c04d2c48c52b84d0d0549c99ff3859c98df65b3101406327ecc7d53fbf12", size = 7484, upload-time = "2025-10-18T21:55:41.639Z" },
]

[[package]]
name = "kage"
version = "0.1.0"
source = { editable = "." }
dependencies = [
    { name = "pyobjc-core", marker = "sys_platform == 'darwin'" },
    { name = "pyobjc-framework-applicationservices", marker = "sys_platform == 'darwin'" },
    { name = "pyobjc-framework-cocoa", marker = "sys_platform == 'darwin'" },
    { name = "pyobjc-framework-quartz", marker = "sys_platform == 'darwin'" },
    { name = "pyside6" },
    { name = "rapidfuzz" },
]

[package.optional-dependencies]
test = [
    { name = "pytest" },
]

[package.dev-dependencies]
test = [
    { name = "pytest" },
]

[package.metadata]
requires-dist = [
    { name = "pyobjc-core", marker = "sys_platform == 'darwin'", specifier = ">=10.0" },
    { name = "pyobjc-framework-applicationservices", marker = "sys_platform == 'darwin'", specifier = ">=10.0" },
    { name = "pyobjc-framework-cocoa", marker = "sys_platform == 'darwin'", specifier = ">=10.0" },
    { name = "pyobjc-framework-quartz", marker = "sys_platform == 'darwin'", specifier = ">=10.0" },
    { name = "pyside6", specifier = ">=6.7" },
    { name = "pytest", marker = "extra == 'test'", specifier = ">=8" },
    { name = "rapidfuzz", specifier = ">=3.9" },
]
provides-extras = ["test"]

[package.metadata.requires-dev]
test = [{ name = "pytest", specifier = ">=8" }]

[[package]]
name = "packaging"
version = "26.2"
source = { registry = "https://pypi.org/simple" }
sdist = { url = "https://files.pythonhosted.org/packages/d7/f1/e7a6dd94a8d4a5626c03e4e99c87f241ba9e350cd9e6d75123f992427270/packaging-26.2.tar.gz", hash = "sha256:ff452ff5a3e828ce110190feff1178bb1f2ea2281fa2075aadb987c2fb221661", size = 228134, upload-time = "2026-04-24T20:15:23.917Z" }
wheels = [
    { url = "https://files.pythonhosted.org/packages/df/b2/87e62e8c3e2f4b32e5fe99e0b86d576da1312593b39f47d8ceef365e95ed/packaging-26.2-py3-none-any.whl", hash = "sha256:5fc45236b9446107ff2415ce77c807cee2862cb6fac22b8a73826d0693b0980e", size = 100195, upload-time = "2026-04-24T20:15:22.081Z" },
]

[[package]]
name = "pluggy"
version = "1.6.0"
source = { registry = "https://pypi.org/simple" }
sdist = { url = "https://files.pythonhosted.org/packages/f9/e2/3e91f31a7d2b083fe6ef3fa267035b518369d9511ffab804f839851d2779/pluggy-1.6.0.tar.gz", hash = "sha256:7dcc130b76258d33b90f61b658791dede3486c3e6bfb003ee5c9bfb396dd22f3", size = 69412, upload-time = "2025-05-15T12:30:07.975Z" }
wheels = [
    { url = "https://files.pythonhosted.org/packages/54/20/4d324d65cc6d9205fabedc306948156824eb9f0ee1633355a8f7ec5c66bf/pluggy-1.6.0-py3-none-any.whl", hash = "sha256:e920276dd6813095e9377c0bc5566d94c932c33b27a3e3945d8389c374dd4746", size = 20538, upload-time = "2025-05-15T12:30:06.134Z" },
]

[[package]]
name = "pygments"
version = "2.20.0"
source = { registry = "https://pypi.org/simple" }
sdist = { url = "https://files.pythonhosted.org/packages/c3/b2/bc9c9196916376152d655522fdcebac55e66de6603a76a02bca1b6414f6c/pygments-2.20.0.tar.gz", hash = "sha256:6757cd03768053ff99f3039c1a36d6c0aa0b263438fcab17520b30a303a82b5f", size = 4955991, upload-time = "2026-03-29T13:29:33.898Z" }
wheels = [
    { url = "https://files.pythonhosted.org/packages/f4/7e/a72dd26f3b0f4f2bf1dd8923c85f7ceb43172af56d63c7383eb62b332364/pygments-2.20.0-py3-none-any.whl", hash = "sha256:81a9e26dd42fd28a23a2d169d86d7ac03b46e2f8b59ed4698fb4785f946d0176", size = 1231151, upload-time = "2026-03-29T13:29:30.038Z" },
]

[[package]]
name = "pyobjc-core"
version = "12.2.1"
source = { registry = "https://pypi.org/simple" }
sdist = { url = "https://files.pythonhosted.org/packages/b4/b1/729f7458a63758bd21716648a8abcd9a0c8f2d2e9897763c8a1a1c7fd31b/pyobjc_core-12.2.1.tar.gz", hash = "sha256:7a7b9b018402342cf32bf1956366896350fbe5c0478cb3ef59778f77abed7f07", size = 1063383, upload-time = "2026-06-19T16:19:39.357Z" }
wheels = [
    { url = "https://files.pythonhosted.org/packages/8c/88/300ad283bed0c971c52dcac6f70113e138169d4ce6d856ddd03d16081e51/pyobjc_core-12.2.1-cp312-cp312-macosx_10_13_universal2.whl", hash = "sha256:a64232bb27ed101d4adc7d42b0e64a6d3331aac7bee7861c037a6777a163f10b", size = 6433347, upload-time = "2026-06-19T16:04:49.341Z" },
    { url = "https://files.pythonhosted.org/packages/3e/1e/b9b0ddffae66996b8779f1f7958adc9f21c13a0448cd3be8d7fe589b5b0f/pyobjc_core-12.2.1-cp313-cp313-macosx_10_13_universal2.whl", hash = "sha256:af101222762665a4125157906cb4b23f5d5a63d3851d5e0504f72a1eaaa2cfd2", size = 6436004, upload-time = "2026-06-19T16:04:53.257Z" },
    { url = "https://files.pythonhosted.org/packages/8f/26/bd309ede07784c6e5fac4b440c90a5f72a66da7859ed303a9392fe8a5f3f/pyobjc_core-12.2.1-cp313-cp313t-macosx_10_13_universal2.whl", hash = "sha256:efe465e3ecc6fc73f7c7622620345d134a8d34564ab1c29d8247e45f4ed55071", size = 6687044, upload-time = "2026-06-19T16:04:57.42Z" },
    { url = "https://files.pythonhosted.org/packages/bd/8a/cfa4f56939d554dbb342ec6e5226a441e2f552bc2002a0ddf7705bb11bef/pyobjc_core-12.2.1-cp314-cp314-macosx_10_15_universal2.whl", hash = "sha256:2b8fc0531c27277325e113ac00b8a72a82e6145f0a88175b9425d8de814ff69a", size = 6429289, upload-time = "2026-06-19T16:05:02.191Z" },
    { url = "https://files.pythonhosted.org/packages/42/74/446c89bc18103aaa4a00d1fb85ff8acace9a0dc3f362d9678ebf7571e275/pyobjc_core-12.2.1-cp314-cp314t-macosx_10_15_universal2.whl", hash = "sha256:9bef500f979e22d54f9da3aaebf6a48f873234b324858bd69256055a318955c7", size = 6690181, upload-time = "2026-06-19T16:05:06.201Z" },
    { url = "https://files.pythonhosted.org/packages/99/c7/0121ee4c616af07ad2de8cd1a286f6978dc9a227eb58b7c2e875cb68a1df/pyobjc_core-12.2.1-cp315-cp315-macosx_10_15_universal2.whl", hash = "sha256:047c226eeb58a2993ace5e8904e71cc9426ee20d064c617f8fbf32717d37093e", size = 6487078, upload-time = "2026-06-19T16:05:10.093Z" },
    { url = "https://files.pythonhosted.org/packages/b5/a8/cb9fcc150f97d0bf22a2028f88b24cc35949beb1bcc7b8bc5c17d4401677/pyobjc_core-12.2.1-cp315-cp315t-macosx_10_15_universal2.whl", hash = "sha256:1188613805336270279570467e4455b74cb6c0f60913ac74c917ee1c37cfaecb", size = 6733064, upload-time = "2026-06-19T16:05:14.313Z" },
]

[[package]]
name = "pyobjc-framework-applicationservices"
version = "12.2.1"
source = { registry = "https://pypi.org/simple" }
dependencies = [
    { name = "pyobjc-core" },
    { name = "pyobjc-framework-cocoa" },
    { name = "pyobjc-framework-coretext" },
    { name = "pyobjc-framework-quartz" },
]
sdist = { url = "https://files.pythonhosted.org/packages/5e/4d/0ebdd8144aba94b8fe9828ccee5616a4bf53d1f8bc51cff55f3cce86d695/pyobjc_framework_applicationservices-12.2.1.tar.gz", hash = "sha256:048ea663c9ac75c44a15dc7d5b8d78cbb4c97bf1c76e83835e8d5498e184001f", size = 109342, upload-time = "2026-06-19T16:19:46.149Z" }
wheels = [
    { url = "https://files.pythonhosted.org/packages/bf/89/39a7462006afbc06c69029fe4181b7359a9da25ae7864ef75f9d3ffb9272/pyobjc_framework_applicationservices-12.2.1-cp312-cp312-macosx_10_13_universal2.whl", hash = "sha256:f519ced13888d03410cd7da1f08fc56ee2944099e607216cef7ca26ecfdef61b", size = 32764, upload-time = "2026-06-19T16:05:39.26Z" },
    { url = "https://files.pythonhosted.org/packages/b2/6e/8e928d5e3025529ed92c6eb5fd88a5e6e485cc6df945c541f29b4af7f2c6/pyobjc_framework_applicationservices-12.2.1-cp313-cp313-macosx_10_13_universal2.whl", hash = "sha256:8749290f796e6cca341d443769b79329dde5d157bcc4413c1f7fdb68ea4a8e48", size = 32782, upload-time = "2026-06-19T16:05:40.284Z" },
    { url = "https://files.pythonhosted.org/packages/50/a5/c7b5a31777fe2ce7c07b9c16941ff4fbf0a150bf755164d96228d32ccb4f/pyobjc_framework_applicationservices-12.2.1-cp313-cp313t-macosx_10_13_universal2.whl", hash = "sha256:9ee11677fbd6a0987234814c7dde88ffd11242e8c1f76952e6654ea07f2370ac", size = 33048, upload-time = "2026-06-19T16:05:41.308Z" },
    { url = "https://files.pythonhosted.org/packages/8b/47/cd2bd76b862686c0aa78568ed9dff175764353c209a3096c72d6e2a9b151/pyobjc_framework_applicationservices-12.2.1-cp314-cp314-macosx_10_15_universal2.whl", hash = "sha256:a1c0ee536cb8bd7f5a811165ec323a9207b1e8dad9534fe2081f767fb90b0411", size = 32921, upload-time = "2026-06-19T16:05:42.23Z" },
    { url = "https://files.pythonhosted.org/packages/05/db/6989a96f8501aa3a16513d08b2c4c78ca906a10b6a4e5a33c4c59fd1bea9/pyobjc_framework_applicationservices-12.2.1-cp314-cp314t-macosx_10_15_universal2.whl", hash = "sha256:0d55dd5be19e4a1363662bc8b48894d45714d07f0ee3958665fc9ea7df0f61b7", size = 33163, upload-time = "2026-06-19T16:05:43.256Z" },
    { url = "https://files.pythonhosted.org/packages/5c/41/66f2bcd12454a85f0479393f5825021332ee84b49583c7954cd20310cab5/pyobjc_framework_applicationservices-12.2.1-cp315-cp315-macosx_10_15_universal2.whl", hash = "sha256:e91c84238b2f68f608473854bcabb8770f15ad837e7561d217f24a1e482e42be", size = 32915, upload-time = "2026-06-19T16:05:44.151Z" },
    { url = "https://files.pythonhosted.org/packages/81/cf/04b6b1eb181fa3071e9743bab7551f5d2ec3f650ac74bab790f21717ba51/pyobjc_framework_applicationservices-12.2.1-cp315-cp315t-macosx_10_15_universal2.whl", hash = "sha256:09bfa27765d4c74155323fd8185b7aba6d639ce06c0a9f00ee2d9e7dce3d7800", size = 33158, upload-time = "2026-06-19T16:05:45.017Z" },
]

[[package]]
name = "pyobjc-framework-cocoa"
version = "12.2.1"
source = { registry = "https://pypi.org/simple" }
dependencies = [
    { name = "pyobjc-core" },
]
sdist = { url = "https://files.pythonhosted.org/packages/51/34/fbe38a204643aa4e1b91391cdce07a34da565a69171ebcad08de7438a556/pyobjc_framework_cocoa-12.2.1.tar.gz", hash = "sha256:b94b37fe5730e5ae1fb0052912cd174e6ec329b0bfba4a012ae5db1014b5864b", size = 3125751, upload-time = "2026-06-19T16:20:05.159Z" }
wheels = [
    { url = "https://files.pythonhosted.org/packages/f7/cf/1b3b32b2f28f66cc053c3438ef4e6df36a1591945bf05e7399da18d74553/pyobjc_framework_cocoa-12.2.1-cp312-cp312-macosx_10_13_universal2.whl", hash = "sha256:28b9b8bab1c36efb94744786918752d0c1842f5fbb67e7d5ca97b5f736512080", size = 388113, upload-time = "2026-06-19T16:07:38.9Z" },
    { url = "https://files.pythonhosted.org/packages/cc/46/68e8e4d926a2f70fed0437047bc3f9fe08af8fe620d94d80656ebc3cfa9b/pyobjc_framework_cocoa-12.2.1-cp313-cp313-macosx_10_13_universal2.whl", hash = "sha256:3b74a78fa7803e547b32e5e8ec1b49987b52fe318383e793bc6cd49b80efbd9f", size = 388183, upload-time = "2026-06-19T16:07:40.483Z" },
    { url = "https://files.pythonhosted.org/packages/2e/f3/dfc9af4c9eb2e5389c860ad5ef252be9fe456db09f39d537555dc5057aa1/pyobjc_framework_cocoa-12.2.1-cp313-cp313t-macosx_10_13_universal2.whl", hash = "sha256:dc2eaca2f13c7bcd8e41e51a372e47825dea9dd3126108760eed7ba883d2945c", size = 392275, upload-time = "2026-06-19T16:07:42.078Z" },
    { url = "https://files.pythonhosted.org/packages/ec/c8/b90baa8f3592eded79b4be98fb59d2b8dc16b62361e34292bd95806ebd9f/pyobjc_framework_cocoa-12.2.1-cp314-cp314-macosx_10_15_universal2.whl", hash = "sha256:b386c324d64ae565c1f6b7dfb77be68f640a1c7c23caa6966ab661131f519561", size = 388357, upload-time = "2026-06-19T16:07:43.364Z" },
    { url = "https://files.pythonhosted.org/packages/98/d8/64a94651b9294702d55e748d94de30e25bc59d0784526be7643f4467eccd/pyobjc_framework_cocoa-12.2.1-cp314-cp314t-macosx_10_15_universal2.whl", hash = "sha256:a6c584e2af0813cb2f6103b184e632665a26f58c1bd5b08ffd6e95a19c617f7b", size = 392404, upload-time = "2026-06-19T16:07:44.955Z" },
    { url = "https://files.pythonhosted.org/packages/5c/cc/26e8a7bf1f5e8caa38b7f80d486296f9fd3c97e71ad7e5444ef22e802758/pyobjc_framework_cocoa-12.2.1-cp315-cp315-macosx_10_15_universal2.whl", hash = "sha256:b6023657b8d6cc049a21bd6b4752425f2f53c42f9f0b02d64c7608cc484bf103", size = 388589, upload-time = "2026-06-19T16:07:46.276Z" },
    { url = "https://files.pythonhosted.org/packages/b6/f3/eedf743a303ea742b8e082afe3613fb4d6618bc1a48cf2568b004ce906f7/pyobjc_framework_cocoa-12.2.1-cp315-cp315t-macosx_10_15_universal2.whl", hash = "sha256:c685ccd8e266a07cf912a2c5a13b1f2eff2a868a1aff163b4801b4687bd425e1", size = 392691, upload-time = "2026-06-19T16:07:47.477Z" },
]

[[package]]
name = "pyobjc-framework-coretext"
version = "12.2.1"
source = { registry = "https://pypi.org/simple" }
dependencies = [
    { name = "pyobjc-core" },
    { name = "pyobjc-framework-cocoa" },
    { name = "pyobjc-framework-quartz" },
]
sdist = { url = "https://files.pythonhosted.org/packages/5a/9c/4c7f452059dc1d3845b8e627b9113c247a997b9b07518e848c2ab7ff3149/pyobjc_framework_coretext-12.2.1.tar.gz", hash = "sha256:af740e784d7c592c34025ec7165f4f6c1a69b5a2d9075f06e41e4f77c212aed2", size = 97349, upload-time = "2026-06-19T16:20:22.508Z" }
wheels = [
    { url = "https://files.pythonhosted.org/packages/c5/11/c1298c2ec3b0cd19a457a1fd0da47898f894a13df5516f80dc04d1a7a4d9/pyobjc_framework_coretext-12.2.1-cp312-cp312-macosx_10_13_universal2.whl", hash = "sha256:ac2ead13dfa4379a1566129d0e8a8ea778a2bcac9ac360a583360fd4f1ba39c6", size = 30123, upload-time = "2026-06-19T16:09:51.183Z" },
    { url = "https://files.pythonhosted.org/packages/05/8c/154e8f34923b24aade64a20eca2b759f8f67e109654308103080751f246f/pyobjc_framework_coretext-12.2.1-cp313-cp313-macosx_10_13_universal2.whl", hash = "sha256:5c5a3c6e2d905a17efb15572dad97ce582feeab5c3b92537015445e0e0bb46de", size = 30116, upload-time = "2026-06-19T16:09:52.219Z" },
    { url = "https://files.pythonhosted.org/packages/01/61/f53458c8f7fe74008e342946eca1fa82b777b284d4e13d8bd2e3e5724cab/pyobjc_framework_coretext-12.2.1-cp313-cp313t-macosx_10_13_universal2.whl", hash = "sha256:5c979058c77df8cd3dac5fd7db4c484f9886fbe09e2687bfaf269a856f631f78", size = 30659, upload-time = "2026-06-19T16:09:53.034Z" },
    { url = "https://files.pythonhosted.org/packages/c6/d8/d1178bb1ba3bb7a0d7a55db460aa89f2a8b232ed7eaf76cb402923cacf2d/pyobjc_framework_coretext-12.2.1-cp314-cp314-macosx_10_15_universal2.whl", hash = "sha256:d0b3b0467a23dbc2a39d0839e7100cc98b429fb7d52a471bd65477f46bb4c9e5", size = 30100, upload-time = "2026-06-19T16:09:53.902Z" },
    { url = "https://files.pythonhosted.org/packages/12/c3/780d739909e6d8ddd9e8786fd19e8ea10ccfcc7275df987e349af0fb33b1/pyobjc_framework_coretext-12.2.1-cp314-cp314t-macosx_10_15_universal2.whl", hash = "sha256:3d4a92fa657180cd0e900b98535da4f0f4d8c76a7077730a507e50d52d2853e3", size = 30642, upload-time = "2026-06-19T16:09:54.736Z" },
    { url = "https://files.pythonhosted.org/packages/0f/e9/867197c6cf2396b33e95d6175d7fdc6f789314859fb107560ae9b19c7b14/pyobjc_framework_coretext-12.2.1-cp315-cp315-macosx_10_15_universal2.whl", hash = "sha256:7a17034fd0a08cf58323b7234a385ce0ec355509d414df69e3f8f88df26de1fc", size = 30098, upload-time = "2026-06-19T16:09:55.679Z" },
    { url = "https://files.pythonhosted.org/packages/10/a3/f4e6d1a38cd4db8a1275eddb287f3cdc2c01c48f80b30e89cc58cfd92156/pyobjc_framework_coretext-12.2.1-cp315-cp315t-macosx_10_15_universal2.whl", hash = "sha256:28980144af75598654f6997b2bbb427885f4f5df90aa4d840f452ba5778ab155", size = 30669, upload-time = "2026-06-19T16:09:56.521Z" },
]

[[package]]
name = "pyobjc-framework-quartz"
version = "12.2.1"
source = { registry = "https://pypi.org/simple" }
dependencies = [
    { name = "pyobjc-core" },
    { name = "pyobjc-framework-cocoa" },
]
sdist = { url = "https://files.pythonhosted.org/packages/3b/f6/2a8b84dbf1fe7c04dd96ea73d991678d4e09a909f51971ecc51629bb2ab4/pyobjc_framework_quartz-12.2.1.tar.gz", hash = "sha256:b3b8b6f71e66147f8ff9e6213864cc8527e3a0b1ee90835b93ce221f4802d9b0", size = 3215521, upload-time = "2026-06-19T16:21:30.199Z" }
wheels = [
    { url = "https://files.pythonhosted.org/packages/14/fc/d7c7b3134cdbd1a487f3f77b5be125d87a6c9e7d9411035739d99335cc0c/pyobjc_framework_quartz-12.2.1-cp312-cp312-macosx_10_13_universal2.whl", hash = "sha256:de9c8cca7e95290c8d540466af11c7cdfe3a5458e6f56c34006d5b45243f9ed9", size = 219000, upload-time = "2026-06-19T16:16:04.29Z" },
    { url = "https://files.pythonhosted.org/packages/0a/4b/861f91a1565d3189ee899e177b915551fb9a7e2ca25414025a8974f04e74/pyobjc_framework_quartz-12.2.1-cp313-cp313-macosx_10_13_universal2.whl", hash = "sha256:54c9bc7f507192691841ee4eba5bf36990b259df83ac728efed2d7ea1cd021e4", size = 219403, upload-time = "2026-06-19T16:16:05.645Z" },
    { url = "https://files.pythonhosted.org/packages/ba/b5/b27010d2f288737f627f74be6d5549f49c841542365c84b9a3011fe39ce7/pyobjc_framework_quartz-12.2.1-cp313-cp313t-macosx_10_13_universal2.whl", hash = "sha256:bfc0d2badd819823d21df8069dcf9544ce360ed747a8895c51bdb25d8d125f45", size = 224458, upload-time = "2026-06-19T16:16:07.252Z" },
    { url = "https://files.pythonhosted.org/packages/8b/5d/85ffd9d433989205d572a50d625c63b29c05e0c5235a725f15ae1023672c/pyobjc_framework_quartz-12.2.1-cp314-cp314-macosx_10_15_universal2.whl", hash = "sha256:ceb56939c337b36d9d81185ade31f77dc52c85cf79bb16e53e9b32f54b6bb3f5", size = 219769, upload-time = "2026-06-19T16:16:08.814Z" },
    { url = "https://files.pythonhosted.org/packages/e2/d6/b917e4b63d72ea84a27121076f3033f23f6497c0e6ce8d304766c899897f/pyobjc_framework_quartz-12.2.1-cp314-cp314t-macosx_10_15_universal2.whl", hash = "sha256:8105c98b798f2bf81c05c54bddeeadbf62f0b5dfec13bd6e719dd2cdf7e1cddf", size = 224717, upload-time = "2026-06-19T16:16:10.215Z" },
    { url = "https://files.pythonhosted.org/packages/04/e2/f3c1ed3228f7430ef5ade23db6f1fcbae99290f177ce5653348fd9e05f4d/pyobjc_framework_quartz-12.2.1-cp315-cp315-macosx_10_15_universal2.whl", hash = "sha256:bbc214f1a216b5d3651bc832d0ac4589f029f3f37cd6cbb370aac12a7c77942c", size = 219825, upload-time = "2026-06-19T16:16:11.433Z" },
    { url = "https://files.pythonhosted.org/packages/66/2a/2c99a5ad2fe0a11600ea123b8e9a08ff138fcb2ad1e13e376f4bd4aa1d96/pyobjc_framework_quartz-12.2.1-cp315-cp315t-macosx_10_15_universal2.whl", hash = "sha256:ca61624a0b0e6286d8a0f97f47eb9011e4e81e9a339db436d48af527e7065bb1", size = 224770, upload-time = "2026-06-19T16:16:13.035Z" },
]

[[package]]
name = "pyside6"
version = "6.11.1"
source = { registry = "https://pypi.org/simple" }
dependencies = [
    { name = "pyside6-addons" },
    { name = "pyside6-essentials" },
    { name = "shiboken6" },
]
wheels = [
    { url = "https://files.pythonhosted.org/packages/da/a6/27ba5947ed48918f7b74b7c43a1e280aac069e36f25adeb4c9adfac835c4/pyside6-6.11.1-cp310-abi3-macosx_13_0_universal2.whl", hash = "sha256:537682c3b7530817203e667c1f5a2f00486b37bf52c52eeab438544c7a0917f6", size = 571921, upload-time = "2026-05-13T09:47:36.402Z" },
    { url = "https://files.pythonhosted.org/packages/d8/de/af89d71410c83b10654d86ff9aff2a4f87c30163658f1cc145242e222526/pyside6-6.11.1-cp310-abi3-manylinux_2_34_x86_64.whl", hash = "sha256:b1fc521ba2bb5109425ab8add06bddbdd524abcad06cfa012cc39a22a189feb2", size = 572102, upload-time = "2026-05-13T09:47:38.249Z" },
    { url = "https://files.pythonhosted.org/packages/b6/0e/d583bd3f7bf5046a4497b36f3902cfb64aa29554489a5a25c18e6b4ac0ac/pyside6-6.11.1-cp310-abi3-manylinux_2_39_aarch64.whl", hash = "sha256:75f0005c3eb95c07cfb65522ec50d0815ac007a96482c21dc3cb4b4c04895d84", size = 572098, upload-time = "2026-05-13T09:47:39.44Z" },
    { url = "https://files.pythonhosted.org/packages/57/f2/d9d8ce1373dabb37e5919f63cd18446556079631d3f2eea3ada03c29f6b8/pyside6-6.11.1-cp310-abi3-win_amd64.whl", hash = "sha256:0968877ab1fb4ef3587a284da6fe05e8647ada56a6a3750b6395188e01f4aba6", size = 578377, upload-time = "2026-05-13T09:47:40.76Z" },
    { url = "https://files.pythonhosted.org/packages/96/02/a6057d8bd2bdb1940820fff2d627fdf4013148c9c57adf69fa40d3452ac3/pyside6-6.11.1-cp310-abi3-win_arm64.whl", hash = "sha256:acee467cb5f256cc47ebb9d815a054c1d8416da380c191b247a76d164aa3f805", size = 561765, upload-time = "2026-05-13T09:47:41.9Z" },
]

[[package]]
name = "pyside6-addons"
version = "6.11.1"
source = { registry = "https://pypi.org/simple" }
dependencies = [
    { name = "pyside6-essentials" },
    { name = "shiboken6" },
]
wheels = [
    { url = "https://files.pythonhosted.org/packages/3f/6b/8bc94aff48b63f788f2d84e5467c12362d68906ba742c0942f46cb04c879/pyside6_addons-6.11.1-cp310-abi3-macosx_13_0_universal2.whl", hash = "sha256:54733c77f789bef5f03c6aff4ad3bec8b2eff021f0cfcbc53d5e6c250ded24f9", size = 331714589, upload-time = "2026-05-13T09:39:12.36Z" },
    { url = "https://files.pythonhosted.org/packages/dd/62/fb1428a523b2a4541e232aab50d9e789e6b4526f37fd9593452a7ea5b6b3/pyside6_addons-6.11.1-cp310-abi3-manylinux_2_34_x86_64.whl", hash = "sha256:8e6c65fbd73a512d6f72cda8d8277444a85a34dc99dd1dae9c21d35b8671bb1f", size = 175063224, upload-time = "2026-05-13T09:39:34.185Z" },
    { url = "https://files.pythonhosted.org/packages/ee/9b/2ccd52f66db55c06de65d0501170a1935d04d64d0a230c0d892284a02ce3/pyside6_addons-6.11.1-cp310-abi3-manylinux_2_39_aarch64.whl", hash = "sha256:bf1c6c4e954e5eba3d2a7c661ad4b9689e8f09c7f4a16bdf29713371d11af993", size = 170553429, upload-time = "2026-05-13T09:39:54.424Z" },
    { url = "https://files.pythonhosted.org/packages/9a/bd/8adc4d350b3b363f3dfc8fccdcf5bfed25f7e36c2fff30c64e106f4f1572/pyside6_addons-6.11.1-cp310-abi3-win_amd64.whl", hash = "sha256:0d13c4dfd671b050a48e4f8d8ddc724b7248f9c0437e7fc47fdf316278572923", size = 168816308, upload-time = "2026-05-13T09:40:13.541Z" },
    { url = "https://files.pythonhosted.org/packages/65/b7/9a840d97f0f0f04e372a87e205dd30ee285b4e3b021b188459a917c9dc76/pyside6_addons-6.11.1-cp310-abi3-win_arm64.whl", hash = "sha256:3494f480dee92f415be2f2d989c0b3f4755ac332b28045cbf4ba0f5c5a22ba37", size = 35759347, upload-time = "2026-05-13T09:40:21.199Z" },
]

[[package]]
name = "pyside6-essentials"
version = "6.11.1"
source = { registry = "https://pypi.org/simple" }
dependencies = [
    { name = "shiboken6" },
]
wheels = [
    { url = "https://files.pythonhosted.org/packages/b3/da/10d9197e7370eb4fed8df5fc547b7548dec88e5c5949e2d450db4ae96feb/pyside6_essentials-6.11.1-cp310-abi3-macosx_13_0_universal2.whl", hash = "sha256:228de53c2bc26b07e5021fbe3614fc44ca08e4dab9999af08c2b389d2c239957", size = 110352945, upload-time = "2026-05-13T09:43:08.006Z" },
    { url = "https://files.pythonhosted.org/packages/5c/49/0e1237c4400bec7e335d2c4eeb49bc40d9fd88a9ac44ca9083ce1abdc308/pyside6_essentials-6.11.1-cp310-abi3-manylinux_2_34_x86_64.whl", hash = "sha256:e3ef7027b41e4e55fadb56e3b3257dc8ee92154b639fe67fc4c8e05e9d976c60", size = 79908535, upload-time = "2026-05-13T09:43:24.836Z" },
    { url = "https://files.pythonhosted.org/packages/4c/c5/da4c5f23c6540ac5211a1f60177c8dee84b1bf40f2719479587ab8c60731/pyside6_essentials-6.11.1-cp310-abi3-manylinux_2_39_aarch64.whl", hash = "sha256:a039b6da68a3a4b9d243217b2b98d475eed3f617159ef6be925badab53c11b0d", size = 78960051, upload-time = "2026-05-13T09:43:35.423Z" },
    { url = "https://files.pythonhosted.org/packages/64/0e/b663ecc96ca57b5c91b83b6615d6b174380b0faf30338125c26e053d6aa7/pyside6_essentials-6.11.1-cp310-abi3-win_amd64.whl", hash = "sha256:63311bd48e32c584599ab04b9ef7c324082374cd2c9fa533f978fb893bb47e40", size = 77549267, upload-time = "2026-05-13T09:43:44.92Z" },
    { url = "https://files.pythonhosted.org/packages/f1/12/eb6723faf5cb7fa581145da1c15f40d641b96e080f0491af2f1859fdeedb/pyside6_essentials-6.11.1-cp310-abi3-win_arm64.whl", hash = "sha256:11253ea52aabecefe9febddbbe78b43a824129e3af1cec98431028fba7fa954f", size = 57964512, upload-time = "2026-05-13T09:43:52.968Z" },
]

[[package]]
name = "pytest"
version = "9.1.1"
source = { registry = "https://pypi.org/simple" }
dependencies = [
    { name = "colorama", marker = "sys_platform == 'win32'" },
    { name = "iniconfig" },
    { name = "packaging" },
    { name = "pluggy" },
    { name = "pygments" },
]
sdist = { url = "https://files.pythonhosted.org/packages/e4/47/b9efed96c114afcfa3c9d3fe98a76a1d14c74a9e266d397cf6eb64be5e01/pytest-9.1.1.tar.gz", hash = "sha256:1088fbde8f2b49d95a549a195707afa7a76a3ce9bcadc26b6d71f0ffda5fe313", size = 1636369, upload-time = "2026-06-19T10:58:32.857Z" }
wheels = [
    { url = "https://files.pythonhosted.org/packages/24/25/1de2678b631f5a49215c6c96fff41ba892b0a34df68d6d80292b1b48aa7f/pytest-9.1.1-py3-none-any.whl", hash = "sha256:37a86b45efb9a47a61a36449063e8e18d0cab3161329fc099eb21783169c4f0c", size = 386536, upload-time = "2026-06-19T10:58:31.347Z" },
]

[[package]]
name = "rapidfuzz"
version = "3.14.5"
source = { registry = "https://pypi.org/simple" }
sdist = { url = "https://files.pythonhosted.org/packages/2c/21/ef6157213316e85790041254259907eb722e00b03480256c0545d98acd33/rapidfuzz-3.14.5.tar.gz", hash = "sha256:ba10ac57884ce82112f7ed910b67e7fb6072d8ef2c06e30dc63c0f604a112e0e", size = 57901753, upload-time = "2026-04-07T11:16:31.931Z" }
wheels = [
    { url = "https://files.pythonhosted.org/packages/d3/e3/574435c6aafb80254c191ef40d7aca2cb2bb97a095ec9395e9fa59ac307a/rapidfuzz-3.14.5-cp312-cp312-macosx_10_13_x86_64.whl", hash = "sha256:0d3378f471ef440473a396ce2f8e97ee12f89a78b495540e0a5617bbfe895638", size = 1944601, upload-time = "2026-04-07T11:14:18.771Z" },
    { url = "https://files.pythonhosted.org/packages/d0/1f/fbad3102a255ecc112ce9a7e779bacab7fd14398217be8868dc9082ba363/rapidfuzz-3.14.5-cp312-cp312-macosx_11_0_arm64.whl", hash = "sha256:1e910eebca9fd0eba245c0555e764597e8a0cccb673a92da2dc2397050725f48", size = 1164293, upload-time = "2026-04-07T11:14:20.534Z" },
    { url = "https://files.pythonhosted.org/packages/88/37/a3eb7ff6121ed3a5f199a8c38cc86c8e481816f879cb0e0b738b078c9a7e/rapidfuzz-3.14.5-cp312-cp312-manylinux_2_26_aarch64.manylinux_2_28_aarch64.whl", hash = "sha256:01550fe5f60fd176aa66b7611289d46dc4aa4b1b904874c7b6d1d54e581c5ec1", size = 1371999, upload-time = "2026-04-07T11:14:22.63Z" },
    { url = "https://files.pythonhosted.org/packages/79/72/97a9728c711c7c1b06e107d3f0623880fb4ef90e147ed13c551a1730e7cc/rapidfuzz-3.14.5-cp312-cp312-manylinux_2_27_x86_64.manylinux_2_28_x86_64.whl", hash = "sha256:48bee0b91bebfaec41e1081e351000659ab7570cc4598d617aa04d5bf827f9e6", size = 3145715, upload-time = "2026-04-07T11:14:24.508Z" },
    { url = "https://files.pythonhosted.org/packages/ed/54/d5caabbea233ac90c286c87c260e49d7641467e87438a18d858e41c82e91/rapidfuzz-3.14.5-cp312-cp312-manylinux_2_39_riscv64.whl", hash = "sha256:7e580cb04ad849ae9b786fa21383c6b994b6e6c1444ad1cb9f22392759d72741", size = 1456304, upload-time = "2026-04-07T11:14:26.515Z" },
    { url = "https://files.pythonhosted.org/packages/fc/a7/2d1a81250ac8c01a0100c026018e76f0e7a097ff63e4c553e02a6938c6fb/rapidfuzz-3.14.5-cp312-cp312-musllinux_1_2_aarch64.whl", hash = "sha256:09d6c9ba091854f07817055d795d604179c12a8f308ba4c7d56f3719dfea1646", size = 2389089, upload-time = "2026-04-07T11:14:28.635Z" },
    { url = "https://files.pythonhosted.org/packages/65/0d/c47c3872203ae88e6506997c0b576ad731f5261daa25d559be09c9756658/rapidfuzz-3.14.5-cp312-cp312-musllinux_1_2_riscv64.whl", hash = "sha256:1e989f86113be66574113b9c7bdf4793f3f863d248e47d911b355e05ca6b6b10", size = 2493404, upload-time = "2026-04-07T11:14:30.577Z" },
    { url = "https://files.pythonhosted.org/packages/8f/2f/71e0a5a3130792146c8a200a2dd1e52aa16f7c1074012e17f2601eea9a90/rapidfuzz-3.14.5-cp312-cp312-musllinux_1_2_x86_64.whl", hash = "sha256:0ebd1a18e2e47bc0b292a07e6ed9c3642f8aaa672d12253885f599b50807a4f9", size = 4251709, upload-time = "2026-04-07T11:14:32.451Z" },
    { url = "https://files.pythonhosted.org/packages/86/45/d39874901abacef325adb5b34ae416817c8486dfb4fb87c7a9b74ec5b072/rapidfuzz-3.14.5-cp312-cp312-win32.whl", hash = "sha256:9981d38a703b86f0e315a3cd229fd1906fe1d91c989ed121fb975b3c849f89f5", size = 1710069, upload-time = "2026-04-07T11:14:34.37Z" },
    { url = "https://files.pythonhosted.org/packages/85/0b/f65572c53de8a1c704bda707f63a447b67bdbe95d7cdc70d18885e191df5/rapidfuzz-3.14.5-cp312-cp312-win_amd64.whl", hash = "sha256:d8375e3da319593389727c3187ccaf3e0e84199accc530866b8e0f2b79af05e9", size = 1540630, upload-time = "2026-04-07T11:14:36.287Z" },
    { url = "https://files.pythonhosted.org/packages/5e/c3/143be3a578f989758cae516f3270d5cbb49783a7bfdf57cc27a670e00456/rapidfuzz-3.14.5-cp312-cp312-win_arm64.whl", hash = "sha256:478b59bb018a6780d73f33e38d0b3ec5e968a6c1ed42876b993dd456b7aa20e8", size = 813137, upload-time = "2026-04-07T11:14:38.289Z" },
    { url = "https://files.pythonhosted.org/packages/11/66/252803f2010ba699618cdc048b6e1f7cc1f433c08b4a9a17579b92ab0142/rapidfuzz-3.14.5-cp313-cp313-macosx_10_13_x86_64.whl", hash = "sha256:ebd8fd343bf8492a1e60bcb6dc99f90f74f65d98d8241a6b3e1fed225b76ecd6", size = 1940205, upload-time = "2026-04-07T11:14:40.319Z" },
    { url = "https://files.pythonhosted.org/packages/ea/59/b2afd98e41af9cd54554a4c1c423d84cdd60e6b1c0a09496f033b55f60ec/rapidfuzz-3.14.5-cp313-cp313-macosx_11_0_arm64.whl", hash = "sha256:6737b35d5af7479c5bf9710f7b17edd9d2c43128d974d25fb4ea653e42c64609", size = 1159639, upload-time = "2026-04-07T11:14:42.52Z" },
    { url = "https://files.pythonhosted.org/packages/a3/31/7aa7e62c4c516a7af322ed0c4f0774208b72d457d0cfec808bad0df12f4a/rapidfuzz-3.14.5-cp313-cp313-manylinux_2_26_aarch64.manylinux_2_28_aarch64.whl", hash = "sha256:b002c7994cc9f2bc9d9856f0fbaee6e8072c983873846c92f25cefba5b2a925f", size = 1367194, upload-time = "2026-04-07T11:14:44.25Z" },
    { url = "https://files.pythonhosted.org/packages/90/79/2fc252a63bc91d3c3b234d0a3a6ad4ebc460037a23cdcdaf9285f986e6c9/rapidfuzz-3.14.5-cp313-cp313-manylinux_2_27_x86_64.manylinux_2_28_x86_64.whl", hash = "sha256:17a34330cd2a538c1ce5d400b61ba358c5b72c654b928ff87b362e88f8b864c7", size = 3151805, upload-time = "2026-04-07T11:14:46.21Z" },
    { url = "https://files.pythonhosted.org/packages/17/54/0c83508f2683ea70e2d05f8527eb07328acf7bb1e9d97a3bece5702378e7/rapidfuzz-3.14.5-cp313-cp313-manylinux_2_39_riscv64.whl", hash = "sha256:95d937e74c1a7a1287dfb03b62a827be08ede10a155cf1af73bbf47f2b73ee6e", size = 1455667, upload-time = "2026-04-07T11:14:47.991Z" },
    { url = "https://files.pythonhosted.org/packages/71/1b/070175e873177814d58850a01ebe80e20ae11e93eb4da894d563988660fa/rapidfuzz-3.14.5-cp313-cp313-musllinux_1_2_aarch64.whl", hash = "sha256:46b92a9970dcc34f0096901c792644094cab49554ac3547f35e3aebbdf0a3610", size = 2388246, upload-time = "2026-04-07T11:14:50.098Z" },
    { url = "https://files.pythonhosted.org/packages/c9/dd/77caf7aaf9c2be050ad1f128d7c24ff0f59079aa62c5f62f9df41c0af45e/rapidfuzz-3.14.5-cp313-cp313-musllinux_1_2_riscv64.whl", hash = "sha256:e012177c8e8a8a0754ae0d6027d63042aa5ff036d9f40f07cb3466a6082e21b8", size = 2494333, upload-time = "2026-04-07T11:14:52.303Z" },
    { url = "https://files.pythonhosted.org/packages/2c/e2/dd7e1f2aa31a8fbbfc16b0610af1d770ffaf1287490f3c8c5b1c52da264f/rapidfuzz-3.14.5-cp313-cp313-musllinux_1_2_x86_64.whl", hash = "sha256:a2ae6f53f99c9a0eca7a0afc5b4e45fc73bc1dd4ac74c00509031d76df80ed98", size = 4258579, upload-time = "2026-04-07T11:14:54.538Z" },
    { url = "https://files.pythonhosted.org/packages/9c/0a/ac99e1ba347ba0e85e0bb60b74231d55fb93c0eff43f2920ccb413d0be08/rapidfuzz-3.14.5-cp313-cp313-win32.whl", hash = "sha256:4a60f0057231188e3bd30216f7b4e0f279b11fa4ec818bb6c1d9f014d1562fbc", size = 1709231, upload-time = "2026-04-07T11:14:56.524Z" },
    { url = "https://files.pythonhosted.org/packages/cf/cb/0e251d731b3166378644238e8f0cf9e89858c024e19f75ca9f7e3ae83fd5/rapidfuzz-3.14.5-cp313-cp313-win_amd64.whl", hash = "sha256:11bfc2ed8fbe4ab86bd516fadefab126f90e6dcadffa761739fcb304707dfd35", size = 1538519, upload-time = "2026-04-07T11:14:58.635Z" },
    { url = "https://files.pythonhosted.org/packages/30/6f/4548132acc947db6d5346a248e44a8b3a22d608ef30e770fb578caaf2d00/rapidfuzz-3.14.5-cp313-cp313-win_arm64.whl", hash = "sha256:b486b5218808f6f4dc471b114b1054e63553db69705c97da0271f47bd706aedd", size = 812628, upload-time = "2026-04-07T11:15:00.552Z" },
    { url = "https://files.pythonhosted.org/packages/00/60/69b177577290c5eab892c6f75fe89c3aff3f9ae80298a78d9372b1cecb9a/rapidfuzz-3.14.5-cp313-cp313t-macosx_10_13_x86_64.whl", hash = "sha256:39ef8658aaf67d51667e7bdaf7096f432333377d8302ac43c70b5df8a4cf89b8", size = 1970231, upload-time = "2026-04-07T11:15:02.603Z" },
    { url = "https://files.pythonhosted.org/packages/48/38/2fd790052659cc4e2907b63c25433f0987864b445c1aeec1a302ef5ad948/rapidfuzz-3.14.5-cp313-cp313t-macosx_11_0_arm64.whl", hash = "sha256:9ad37a0be705b544af6296da8edddc260d10a8ae5462530fc9991f66498bb1f9", size = 1194394, upload-time = "2026-04-07T11:15:04.572Z" },
    { url = "https://files.pythonhosted.org/packages/80/f4/28430ad8472fc3536e8ebd51a864a226e979cfe924c6e3f83d111373aa74/rapidfuzz-3.14.5-cp313-cp313t-manylinux_2_26_aarch64.manylinux_2_28_aarch64.whl", hash = "sha256:d45e06f60729e07d9b20c205f7e5cff90b6ef2584e852eecf46e045aea69627d", size = 1377051, upload-time = "2026-04-07T11:15:06.728Z" },
    { url = "https://files.pythonhosted.org/packages/77/7e/9aeacabcfd1e77397968362e5b98fe14248b8307011136b17daf99752a8e/rapidfuzz-3.14.5-cp313-cp313t-manylinux_2_27_x86_64.manylinux_2_28_x86_64.whl", hash = "sha256:e52da10236aa6212de71b9e170bace65b64b129c0dea7fc243d6c9ce976f5074", size = 3160565, upload-time = "2026-04-07T11:15:08.667Z" },
    { url = "https://files.pythonhosted.org/packages/56/f4/db4dd7be0cd2f2022117ac5407d905f435d60e48baaea313a567ad27e865/rapidfuzz-3.14.5-cp313-cp313t-manylinux_2_39_riscv64.whl", hash = "sha256:440d30faaf682ca496170a7f0cc5453ec942e3e079f0fd802c9a7f938dfb50a3", size = 1442113, upload-time = "2026-04-07T11:15:11.138Z" },
    { url = "https://files.pythonhosted.org/packages/a4/99/0e9f6aa57f3e32a767216f797e56dc96b720fcecfb9d8ee907ecc82f8d66/rapidfuzz-3.14.5-cp313-cp313t-musllinux_1_2_aarch64.whl", hash = "sha256:56227a61fd3d17b0cd9793132431f3a3d07c8654be96794ba9f89fe0fc8b2d09", size = 2396618, upload-time = "2026-04-07T11:15:13.154Z" },
    { url = "https://files.pythonhosted.org/packages/60/94/44a78e39ffce17cbdd3e2b53b696acc751d5d153be0f499d052b07a4d904/rapidfuzz-3.14.5-cp313-cp313t-musllinux_1_2_riscv64.whl", hash = "sha256:2e83cd2e25bb4edd97b689d9979d9c3acccdaaf26ceac08212ceece202febcfa", size = 2478220, upload-time = "2026-04-07T11:15:15.193Z" },
    { url = "https://files.pythonhosted.org/packages/dd/df/454311469a09a507e9d784a35796742bec22e4cebe75551e2da4e0e290fd/rapidfuzz-3.14.5-cp313-cp313t-musllinux_1_2_x86_64.whl", hash = "sha256:af3b859726cd3374287e405e14b9634563c078c5531a4f62375508addebddad1", size = 4265027, upload-time = "2026-04-07T11:15:17.28Z" },
    { url = "https://files.pythonhosted.org/packages/fc/01/175465a9ab3e3b70ba669058372f009d1d49c1746e2dcd56b69df188d3a5/rapidfuzz-3.14.5-cp313-cp313t-win32.whl", hash = "sha256:8ce1d850b3c0178440efde9e884d98421b5e87ff925f364d6d79e23910d7593f", size = 1766814, upload-time = "2026-04-07T11:15:19.687Z" },
    { url = "https://files.pythonhosted.org/packages/1b/a0/a9b84a47af06ebed94a1439eb2f02adebfb8628bcd30af1fe3e02f5ef56c/rapidfuzz-3.14.5-cp313-cp313t-win_amd64.whl", hash = "sha256:c84af70bcf34e99aee894e46a0f1ac77f17d0ef828179c387407642e2466d28a", size = 1582448, upload-time = "2026-04-07T11:15:21.98Z" },
    { url = "https://files.pythonhosted.org/packages/1e/f1/5937800238b3f8248e70860d79f69ba8f73e764fff47e36bc9e2f26dbcc6/rapidfuzz-3.14.5-cp313-cp313t-win_arm64.whl", hash = "sha256:aac0ad28c686a5e72b81668b906c030ee28050b244544b8af68e12fb32543895", size = 832932, upload-time = "2026-04-07T11:15:24.358Z" },
    { url = "https://files.pythonhosted.org/packages/81/41/aa3ffb3355e62e1bf91f6599b3092e866bc88487a07c524004943c7676df/rapidfuzz-3.14.5-cp314-cp314-macosx_10_15_x86_64.whl", hash = "sha256:1a31cc6d7d03e7318a0974c038959c59e19c752b81115f2e9138b3331cd64d45", size = 1943327, upload-time = "2026-04-07T11:15:26.266Z" },
    { url = "https://files.pythonhosted.org/packages/2d/e1/c2141f1840a41e07ad2db6f724945f8f8ff3065463899a22939152dd6e09/rapidfuzz-3.14.5-cp314-cp314-macosx_11_0_arm64.whl", hash = "sha256:0298d357e2bc59d572da4db0bc631009b6f8f6c9bc8c11e99a12b833f16b6575", size = 1161755, upload-time = "2026-04-07T11:15:28.659Z" },
    { url = "https://files.pythonhosted.org/packages/ca/07/66e753eeaa353161d1d331b7dd517bb349b0bacfebe8496d7b26be26f81f/rapidfuzz-3.14.5-cp314-cp314-manylinux_2_26_aarch64.manylinux_2_28_aarch64.whl", hash = "sha256:59b3dba758661a318995655435c6ab20a04ade79fa51e75bc8dc107cac8df280", size = 1376571, upload-time = "2026-04-07T11:15:31.225Z" },
    { url = "https://files.pythonhosted.org/packages/c8/85/9535df0b78ba51f478c9ce7eb6d1f85535cc31fe356773b48fd9d3e563ca/rapidfuzz-3.14.5-cp314-cp314-manylinux_2_27_x86_64.manylinux_2_28_x86_64.whl", hash = "sha256:4900143d82071bdda533b00300c40b14b963ff826b3642cc463b6dd0f036585e", size = 3156468, upload-time = "2026-04-07T11:15:33.428Z" },
    { url = "https://files.pythonhosted.org/packages/81/ee/b667eb93bba6dc4e0de658edd778e1619dc4d6aab68fa5e5c7f075152735/rapidfuzz-3.14.5-cp314-cp314-manylinux_2_39_riscv64.whl", hash = "sha256:feedf219672eef83ea6be6f3bb093bba396a8560fc75be85ba225f082903df0a", size = 1458311, upload-time = "2026-04-07T11:15:35.557Z" },
    { url = "https://files.pythonhosted.org/packages/7d/ce/479074f5624364a48df3403c538797ef22d3ac49c19dc76c3f79fcdcc70c/rapidfuzz-3.14.5-cp314-cp314-musllinux_1_2_aarch64.whl", hash = "sha256:419e4397a36e2665ec992d8d64c20ba4b2a42500c76ecadeca78a4f19cb9cc32", size = 2398228, upload-time = "2026-04-07T11:15:37.669Z" },
    { url = "https://files.pythonhosted.org/packages/0b/15/a8982f649150fffbdcd6f17565974501f6ab33b2795267bffbd4a7ba905b/rapidfuzz-3.14.5-cp314-cp314-musllinux_1_2_riscv64.whl", hash = "sha256:97131ab2be39043054ee28d99e09efe316e6d53449b7e962dfcf3c2de8b2b246", size = 2497226, upload-time = "2026-04-07T11:15:39.857Z" },
    { url = "https://files.pythonhosted.org/packages/19/52/5267c03ef6759831b7d4625a0c9c06e87baa2fae084b61ac9c388858317b/rapidfuzz-3.14.5-cp314-cp314-musllinux_1_2_x86_64.whl", hash = "sha256:593c00dac4e30231c35bf3b4f1da8ec0998762e9e94425586a5d636fcd57f9d0", size = 4262283, upload-time = "2026-04-07T11:15:42.279Z" },
    { url = "https://files.pythonhosted.org/packages/71/c0/2579f343a97f5254c43bb5853baccc01488357dcb64a27bcb869b7888a4a/rapidfuzz-3.14.5-cp314-cp314-win32.whl", hash = "sha256:0084b687b02b4e569b46d8d6d4ad25659528e6081cd6d067ca453a69035f07e4", size = 1744614, upload-time = "2026-04-07T11:15:44.498Z" },
    { url = "https://files.pythonhosted.org/packages/17/eb/8edfed1e80119dc9c35b11df4bc701eea85622ad681fff0263b6961d3224/rapidfuzz-3.14.5-cp314-cp314-win_amd64.whl", hash = "sha256:5dfa89d78f22cd773054caff44827b846161a29f2dcf7e78b8f90d086621e502", size = 1588971, upload-time = "2026-04-07T11:15:46.86Z" },
    { url = "https://files.pythonhosted.org/packages/f6/04/5676df93c85cfa57a3045d8047318df9f3cd58c7b8a99340dd95f874795e/rapidfuzz-3.14.5-cp314-cp314-win_arm64.whl", hash = "sha256:67f3f9d2b444268ab53e47d31bab89954888d23c04c6789f2c727e51fe4b1d13", size = 834985, upload-time = "2026-04-07T11:15:49.411Z" },
    { url = "https://files.pythonhosted.org/packages/f7/0d/4a8988cea658fe335048ddef8c876addff1b6daa3c9ca8ad65a5a2196e69/rapidfuzz-3.14.5-cp314-cp314t-macosx_10_15_x86_64.whl", hash = "sha256:77eac0526899b3c3ad1454bb2b03cdb491d67358ec8ef0c9c48bd61b632b431d", size = 1972517, upload-time = "2026-04-07T11:15:51.819Z" },
    { url = "https://files.pythonhosted.org/packages/1c/a3/f5cfd9965a9d9a9e32249159797c47b5d6299ea6d1629f9126b25f1c10a3/rapidfuzz-3.14.5-cp314-cp314t-macosx_11_0_arm64.whl", hash = "sha256:b9c6bd754d11f6e78ac54e3d86b4b11dc1ba2f13e5fc958899574532897f5a99", size = 1196056, upload-time = "2026-04-07T11:15:54.292Z" },
    { url = "https://files.pythonhosted.org/packages/64/07/561c2e40cfd10e6630a7b0ac5a2a813aef50d944bcd1f3d260319d659d5b/rapidfuzz-3.14.5-cp314-cp314t-manylinux_2_26_aarch64.manylinux_2_28_aarch64.whl", hash = "sha256:738c96944d076deeaff70e92b65696ab4f7ecb8081d7791c5403a3257dfaf8ff", size = 1374732, upload-time = "2026-04-07T11:15:56.584Z" },
    { url = "https://files.pythonhosted.org/packages/c2/39/123bb94fee40e2fb3b7c49b80827c7ef42d838e18def3fc2fef5a3cf817a/rapidfuzz-3.14.5-cp314-cp314t-manylinux_2_27_x86_64.manylinux_2_28_x86_64.whl", hash = "sha256:f4c1bca487a17fe4226b4ffb2d30e799d2b274d692cffa76bd0746f56235fca3", size = 3166902, upload-time = "2026-04-07T11:15:58.768Z" },
    { url = "https://files.pythonhosted.org/packages/75/0a/45716fafc9fd2e028cf20b5ac5bc704887081cd312f84edb0e325599414b/rapidfuzz-3.14.5-cp314-cp314t-manylinux_2_39_riscv64.whl", hash = "sha256:af6a90a4ed2a48fa1a2d17e9d824e6c7c950bea5bad0b707c77fd55751e6bfef", size = 1452130, upload-time = "2026-04-07T11:16:01.453Z" },
    { url = "https://files.pythonhosted.org/packages/ca/49/4e96c413114398481c0a5b0086af32c364a18613c9a2ea578d17c4bea4ee/rapidfuzz-3.14.5-cp314-cp314t-musllinux_1_2_aarch64.whl", hash = "sha256:bf5018938208d4597b2e679a4f8cff9fd252f1df53583130ae56281a21801b64", size = 2396308, upload-time = "2026-04-07T11:16:03.588Z" },
    { url = "https://files.pythonhosted.org/packages/89/b7/49fea9fc6878d59bd259d01dd1972d9b86117992b1c66d9b16f0a65273c3/rapidfuzz-3.14.5-cp314-cp314t-musllinux_1_2_riscv64.whl", hash = "sha256:c0919d1f89ddf91129906705723118ea09754171e4116f5a5dbc667c7bc9b261", size = 2488210, upload-time = "2026-04-07T11:16:05.871Z" },
    { url = "https://files.pythonhosted.org/packages/0c/44/a1f732b93ffacbdad077b7c801149549b2938e1bece6addb5ad85ed74df8/rapidfuzz-3.14.5-cp314-cp314t-musllinux_1_2_x86_64.whl", hash = "sha256:93d8da883a35116d6813432177f35e570db5b0a5e30ecb0cbd7cb39c815735df", size = 4270621, upload-time = "2026-04-07T11:16:08.483Z" },
    { url = "https://files.pythonhosted.org/packages/bb/ce/ff942d19fce5385054650bb71a58495ddda299d94661ccc4e6e7fa44868b/rapidfuzz-3.14.5-cp314-cp314t-win32.whl", hash = "sha256:0f23e37019ec07712d58976b1ab2b889f8649a7f7c2f626a2f34ea9139e79279", size = 1803950, upload-time = "2026-04-07T11:16:10.873Z" },
    { url = "https://files.pythonhosted.org/packages/5c/0f/9aafc63f9661222b819b391c187eed29fc90ad5935f9690e5ecc2d2047a4/rapidfuzz-3.14.5-cp314-cp314t-win_amd64.whl", hash = "sha256:7d5ca9c7832e6879a707296d1463685f7c243a27846227044504741640caec66", size = 1632357, upload-time = "2026-04-07T11:16:13.1Z" },
    { url = "https://files.pythonhosted.org/packages/70/a6/51fc1b0e61e3326e1c68a61cfd0c6b3c34c843681c4b1eefbf0596f59162/rapidfuzz-3.14.5-cp314-cp314t-win_arm64.whl", hash = "sha256:3e91dcd2549b8f8d843f98ba03a17e01f3d8b72ce942adbbb6761bc58ffce813", size = 855409, upload-time = "2026-04-07T11:16:15.787Z" },
]

[[package]]
name = "shiboken6"
version = "6.11.1"
source = { registry = "https://pypi.org/simple" }
wheels = [
    { url = "https://files.pythonhosted.org/packages/17/f3/f2b63df0251e7cd3172ea28e32ede52739de9566bcefcd0178681538ac81/shiboken6-6.11.1-cp310-abi3-macosx_13_0_universal2.whl", hash = "sha256:1a16867f103ef1c662a5f09dfed03273a9f81688b174555162c58e83650a3f02", size = 476874, upload-time = "2026-05-13T09:47:01.091Z" },
    { url = "https://files.pythonhosted.org/packages/c7/9b/e0355d8897b5c150770f1d95718aad17d432fcc9c035c04f3f58427d4693/shiboken6-6.11.1-cp310-abi3-manylinux_2_34_x86_64.whl", hash = "sha256:9a8bccfafc8805254cabcfa1edfaf55cd52889f4998c91ad0d9a4433fb1bcdbe", size = 272222, upload-time = "2026-05-13T09:47:02.653Z" },
    { url = "https://files.pythonhosted.org/packages/57/d5/dd4f1defed400be03340f2ede34b61f846776650b4e7ed9ebaf4c71979a2/shiboken6-6.11.1-cp310-abi3-manylinux_2_39_aarch64.whl", hash = "sha256:1bd2f4314414df2d122d9f646e03b731bc6d6b5f77a5f53f99a4fe4e97d84e6f", size = 270350, upload-time = "2026-05-13T09:47:04.02Z" },
    { url = "https://files.pythonhosted.org/packages/52/b5/3f6fb2ee65b534193fb4ef713dd619dc31dadff5d12c16979a7699ad58be/shiboken6-6.11.1-cp310-abi3-win_amd64.whl", hash = "sha256:c2c6863aa80ec18c0f82cea3417837b279cdc60024ac17123461dc9042577df7", size = 1223647, upload-time = "2026-05-13T09:47:05.924Z" },
    { url = "https://files.pythonhosted.org/packages/98/d1/f15ca0e1666faae02c945f48e745ea35f8fcd8243b176109b4e2c4251f47/shiboken6-6.11.1-cp310-abi3-win_arm64.whl", hash = "sha256:7c8d9af17db4495d4fa5b1c393f218311c4855546b9dfa6a0bd21bcd66b55e9d", size = 1784170, upload-time = "2026-05-13T09:47:07.617Z" },
]
